// !$*UTF8*$!
{
	archiveVersion = 1;
	classes = {
	};
	objectVersion = 50;
	objects = {

/* Begin PBXBuildFile section */
		641EC21D21D4A0C100EB3832 /* AppDelegate.m in Sources */ = {isa = PBXBuildFile; fileRef = 641EC21C21D4A0C100EB3832 /* AppDelegate.m */; };
		641EC22321D4A0C100EB3832 /* Main.storyboard in Resources */ = {isa = PBXBuildFile; fileRef = 641EC22121D4A0C100EB3832 /* Main.storyboard */; };
		641EC22521D4A0C200EB3832 /* Assets.xcassets in Resources */ = {isa = PBXBuildFile; fileRef = 641EC22421D4A0C200EB3832 /* Assets.xcassets */; };
		641EC22821D4A0C200EB3832 /* LaunchScreen.storyboard in Resources */ = {isa = PBXBuildFile; fileRef = 641EC22621D4A0C200EB3832 /* LaunchScreen.storyboard */; };
		641EC24121D4A9D600EB3832 /* main.m in Sources */ = {isa = PBXBuildFile; fileRef = 641EC23721D4A9D600EB3832 /* main.m */; };
		641EC25021D4C19700EB3832 /* PALoginViewController.m in Sources */ = {isa = PBXBuildFile; fileRef = 641EC24E21D4C19700EB3832 /* PALoginViewController.m */; };
		641EC25321D4CA4900EB3832 /* Login.storyboard in Resources */ = {isa = PBXBuildFile; fileRef = 641EC25221D4CA4900EB3832 /* Login.storyboard */; };
		641EC26121D4D9F100EB3832 /* Localizable.strings in Resources */ = {isa = PBXBuildFile; fileRef = 641EC26321D4D9F100EB3832 /* Localizable.strings */; };
		641EC26A21D5B4E800EB3832 /* PANavigationController.m in Sources */ = {isa = PBXBuildFile; fileRef = 641EC26921D5B4E800EB3832 /* PANavigationController.m */; };
		641EC26D21D5B6C900EB3832 /* PATabBarController.m in Sources */ = {isa = PBXBuildFile; fileRef = 641EC26C21D5B6C900EB3832 /* PATabBarController.m */; };
		641EC27321D5C84F00EB3832 /* PAHomeViewController.m in Sources */ = {isa = PBXBuildFile; fileRef = 641EC27221D5C84F00EB3832 /* PAHomeViewController.m */; };
		64A163B021E86CA00067C7C6 /* PAValidationCompletedController.m in Sources */ = {isa = PBXBuildFile; fileRef = 64A163AE21E86CA00067C7C6 /* PAValidationCompletedController.m */; };
		64A163B121E86CA00067C7C6 /* PAValidationCompletedController.xib in Resources */ = {isa = PBXBuildFile; fileRef = 64A163AF21E86CA00067C7C6 /* PAValidationCompletedController.xib */; };
		64BE1FAD21D5F5B600A38B4B /* WSLoginTextField.m in Sources */ = {isa = PBXBuildFile; fileRef = 64BE1FAB21D5F5B600A38B4B /* WSLoginTextField.m */; };
		64BE1FB021D60E6D00A38B4B /* PAUserModel.m in Sources */ = {isa = PBXBuildFile; fileRef = 64BE1FAF21D60E6D00A38B4B /* PAUserModel.m */; };
		64BE1FBD21D60F8C00A38B4B /* UITextField+placeholder.m in Sources */ = {isa = PBXBuildFile; fileRef = 64BE1FB721D60F8C00A38B4B /* UITextField+placeholder.m */; };
		64BE1FBE21D60F8C00A38B4B /* UIColor+Extension.m in Sources */ = {isa = PBXBuildFile; fileRef = 64BE1FB821D60F8C00A38B4B /* UIColor+Extension.m */; };
		64BE1FBF21D60F8C00A38B4B /* UIBarButtonItem+Item.m in Sources */ = {isa = PBXBuildFile; fileRef = 64BE1FB921D60F8C00A38B4B /* UIBarButtonItem+Item.m */; };
		64BE1FC021D60F8C00A38B4B /* UIImage+Color.m in Sources */ = {isa = PBXBuildFile; fileRef = 64BE1FBA21D60F8C00A38B4B /* UIImage+Color.m */; };
		64BE1FC521D6158700A38B4B /* PAForgetPasswordViewController.m in Sources */ = {isa = PBXBuildFile; fileRef = 64BE1FC421D6158700A38B4B /* PAForgetPasswordViewController.m */; };
		64BE1FC821D61A4A00A38B4B /* PAVerificationCodeTool.m in Sources */ = {isa = PBXBuildFile; fileRef = 64BE1FC721D61A4A00A38B4B /* PAVerificationCodeTool.m */; };
		64BE1FCF21D74F2B00A38B4B /* PAConst.m in Sources */ = {isa = PBXBuildFile; fileRef = 64BE1FCD21D74F2B00A38B4B /* PAConst.m */; };
		64BE1FD321D7612200A38B4B /* PAInfoValidationViewController.m in Sources */ = {isa = PBXBuildFile; fileRef = 64BE1FD121D7612200A38B4B /* PAInfoValidationViewController.m */; };
		64BE1FD421D7612200A38B4B /* PAInfoValidationViewController.xib in Resources */ = {isa = PBXBuildFile; fileRef = 64BE1FD221D7612200A38B4B /* PAInfoValidationViewController.xib */; };
		64BE1FD721D7694700A38B4B /* PANextStepView.m in Sources */ = {isa = PBXBuildFile; fileRef = 64BE1FD621D7694700A38B4B /* PANextStepView.m */; };
		64BE1FD921D7695B00A38B4B /* PANextStepView.xib in Resources */ = {isa = PBXBuildFile; fileRef = 64BE1FD821D7695B00A38B4B /* PANextStepView.xib */; };
		64BE1FDC21D76F5D00A38B4B /* UIView+Extension.m in Sources */ = {isa = PBXBuildFile; fileRef = 64BE1FDB21D76F5D00A38B4B /* UIView+Extension.m */; };
		64BE1FDF21D782F000A38B4B /* NSString+Extension.m in Sources */ = {isa = PBXBuildFile; fileRef = 64BE1FDE21D782F000A38B4B /* NSString+Extension.m */; };
		64D9789D21E3471B00F4B3F3 /* FaceStreamDetectorViewController.m in Sources */ = {isa = PBXBuildFile; fileRef = 64D9787D21E3471B00F4B3F3 /* FaceStreamDetectorViewController.m */; };
		64D9789E21E3471B00F4B3F3 /* shakeHead2.png in Resources */ = {isa = PBXBuildFile; fileRef = 64D9788021E3471B00F4B3F3 /* shakeHead2.png */; };
		64D9789F21E3471B00F4B3F3 /* shakeHead3.png in Resources */ = {isa = PBXBuildFile; fileRef = 64D9788121E3471B00F4B3F3 /* shakeHead3.png */; };
		64D978A021E3471B00F4B3F3 /* shakeHead1.png in Resources */ = {isa = PBXBuildFile; fileRef = 64D9788221E3471B00F4B3F3 /* shakeHead1.png */; };
		64D978A121E3471B00F4B3F3 /* shakeHead0.png in Resources */ = {isa = PBXBuildFile; fileRef = 64D9788321E3471B00F4B3F3 /* shakeHead0.png */; };
		64D978A221E3471B00F4B3F3 /* openMouth0.png in Resources */ = {isa = PBXBuildFile; fileRef = 64D9788421E3471B00F4B3F3 /* openMouth0.png */; };
		64D978A321E3471B00F4B3F3 /* openMouth1.png in Resources */ = {isa = PBXBuildFile; fileRef = 64D9788521E3471B00F4B3F3 /* openMouth1.png */; };
		64D978A421E3471B00F4B3F3 /* CanvasView.m in Sources */ = {isa = PBXBuildFile; fileRef = 64D9788821E3471B00F4B3F3 /* CanvasView.m */; };
		64D978A521E3471B00F4B3F3 /* CaptureManager.m in Sources */ = {isa = PBXBuildFile; fileRef = 64D9788B21E3471B00F4B3F3 /* CaptureManager.m */; };
		64D978A621E3471B00F4B3F3 /* IFlyFaceResultKeys.m in Sources */ = {isa = PBXBuildFile; fileRef = 64D9788E21E3471B00F4B3F3 /* IFlyFaceResultKeys.m */; };
		64D978A721E3471B00F4B3F3 /* IFlyFaceImage.m in Sources */ = {isa = PBXBuildFile; fileRef = 64D9789121E3471B00F4B3F3 /* IFlyFaceImage.m */; };
		64D978A821E3471B00F4B3F3 /* UIImage+compress.m in Sources */ = {isa = PBXBuildFile; fileRef = 64D9789221E3471B00F4B3F3 /* UIImage+compress.m */; };
		64D978A921E3471B00F4B3F3 /* CalculatorTools.m in Sources */ = {isa = PBXBuildFile; fileRef = 64D9789421E3471B00F4B3F3 /* CalculatorTools.m */; };
		64D978AA21E3471B00F4B3F3 /* UIImage+Extensions.m in Sources */ = {isa = PBXBuildFile; fileRef = 64D9789821E3471B00F4B3F3 /* UIImage+Extensions.m */; };
		64D978AB21E3471B00F4B3F3 /* PermissionDetector.m in Sources */ = {isa = PBXBuildFile; fileRef = 64D9789C21E3471B00F4B3F3 /* PermissionDetector.m */; };
		64D978AF21E3478600F4B3F3 /* libz.tbd in Frameworks */ = {isa = PBXBuildFile; fileRef = 64D978AE21E3478500F4B3F3 /* libz.tbd */; };
		64D978B121E3478F00F4B3F3 /* AVFoundation.framework in Frameworks */ = {isa = PBXBuildFile; fileRef = 64D978B021E3478F00F4B3F3 /* AVFoundation.framework */; };
		64D978B321E3479A00F4B3F3 /* SystemConfiguration.framework in Frameworks */ = {isa = PBXBuildFile; fileRef = 64D978B221E3479A00F4B3F3 /* SystemConfiguration.framework */; };
		64D978B521E347A700F4B3F3 /* Foundation.framework in Frameworks */ = {isa = PBXBuildFile; fileRef = 64D978B421E347A600F4B3F3 /* Foundation.framework */; };
		64D978B721E347AF00F4B3F3 /* CoreTelephony.framework in Frameworks */ = {isa = PBXBuildFile; fileRef = 64D978B621E347AF00F4B3F3 /* CoreTelephony.framework */; };
		64D978B921E347B900F4B3F3 /* AudioToolbox.framework in Frameworks */ = {isa = PBXBuildFile; fileRef = 64D978B821E347B900F4B3F3 /* AudioToolbox.framework */; };
		64D978BB21E347C200F4B3F3 /* UIKit.framework in Frameworks */ = {isa = PBXBuildFile; fileRef = 64D978BA21E347C200F4B3F3 /* UIKit.framework */; };
		64D978BD21E347CB00F4B3F3 /* CoreLocation.framework in Frameworks */ = {isa = PBXBuildFile; fileRef = 64D978BC21E347CB00F4B3F3 /* CoreLocation.framework */; };
		64D978BF21E347D200F4B3F3 /* Contacts.framework in Frameworks */ = {isa = PBXBuildFile; fileRef = 64D978BE21E347D200F4B3F3 /* Contacts.framework */; };
		64D978C121E347DD00F4B3F3 /* AddressBook.framework in Frameworks */ = {isa = PBXBuildFile; fileRef = 64D978C021E347DD00F4B3F3 /* AddressBook.framework */; };
		64D978C321E347E600F4B3F3 /* QuartzCore.framework in Frameworks */ = {isa = PBXBuildFile; fileRef = 64D978C221E347E600F4B3F3 /* QuartzCore.framework */; };
		64D978C521E347EE00F4B3F3 /* CoreGraphics.framework in Frameworks */ = {isa = PBXBuildFile; fileRef = 64D978C421E347EE00F4B3F3 /* CoreGraphics.framework */; };
		64D978C721E347FB00F4B3F3 /* libc++.tbd in Frameworks */ = {isa = PBXBuildFile; fileRef = 64D978C621E347FB00F4B3F3 /* libc++.tbd */; };
		64D978C921E3588400F4B3F3 /* iflyMSC.framework in Frameworks */ = {isa = PBXBuildFile; fileRef = 64D978C821E3588400F4B3F3 /* iflyMSC.framework */; };
		64D978CC21E4777900F4B3F3 /* UIButton+Button.m in Sources */ = {isa = PBXBuildFile; fileRef = 64D978CB21E4777900F4B3F3 /* UIButton+Button.m */; };
		64D978D321E499EB00F4B3F3 /* PAPrepareVideoViewController.m in Sources */ = {isa = PBXBuildFile; fileRef = 64D978D121E499EB00F4B3F3 /* PAPrepareVideoViewController.m */; };
		64D978D421E499EB00F4B3F3 /* PAPrepareVideoViewController.xib in Resources */ = {isa = PBXBuildFile; fileRef = 64D978D221E499EB00F4B3F3 /* PAPrepareVideoViewController.xib */; };
		64E3102721E5CB5A007E3240 /* PAVideoRecordController.m in Sources */ = {isa = PBXBuildFile; fileRef = 64E3102621E5CB5A007E3240 /* PAVideoRecordController.m */; };
		64E3102C21E5CB71007E3240 /* PAProgressView.m in Sources */ = {isa = PBXBuildFile; fileRef = 64E3102821E5CB71007E3240 /* PAProgressView.m */; };
		64E3102D21E5CB71007E3240 /* PAVideoView.m in Sources */ = {isa = PBXBuildFile; fileRef = 64E3102B21E5CB71007E3240 /* PAVideoView.m */; };
		64E3103021E5CB88007E3240 /* PAAVPlayer.m in Sources */ = {isa = PBXBuildFile; fileRef = 64E3102F21E5CB88007E3240 /* PAAVPlayer.m */; };
		64E3103521E5CBE1007E3240 /* UIUtility.m in Sources */ = {isa = PBXBuildFile; fileRef = 64E3103421E5CBE1007E3240 /* UIUtility.m */; };
		64E3103821E6F722007E3240 /* NSDate+Compare.m in Sources */ = {isa = PBXBuildFile; fileRef = 64E3103721E6F722007E3240 /* NSDate+Compare.m */; };
		64E3103C21E72190007E3240 /* PAVideoCommitViewController.m in Sources */ = {isa = PBXBuildFile; fileRef = 64E3103A21E72190007E3240 /* PAVideoCommitViewController.m */; };
		64E3103D21E72190007E3240 /* PAVideoCommitViewController.xib in Resources */ = {isa = PBXBuildFile; fileRef = 64E3103B21E72190007E3240 /* PAVideoCommitViewController.xib */; };
		D7F3CF064247BD1F123E1594 /* libPods-PAFinance.a in Frameworks */ = {isa = PBXBuildFile; fileRef = 59C838F243A9E9DA04757324 /* libPods-PAFinance.a */; };
/* End PBXBuildFile section */

/* Begin PBXFileReference section */
		032092A14F71B80B6ADD6105 /* Pods-PAFinance.release.xcconfig */ = {isa = PBXFileReference; includeInIndex = 1; lastKnownFileType = text.xcconfig; name = "Pods-PAFinance.release.xcconfig"; path = "Pods/Target Support Files/Pods-PAFinance/Pods-PAFinance.release.xcconfig"; sourceTree = "<group>"; };
		59C838F243A9E9DA04757324 /* libPods-PAFinance.a */ = {isa = PBXFileReference; explicitFileType = archive.ar; includeInIndex = 0; path = "libPods-PAFinance.a"; sourceTree = BUILT_PRODUCTS_DIR; };
		641EC21821D4A0C100EB3832 /* PAFinance.app */ = {isa = PBXFileReference; explicitFileType = wrapper.application; includeInIndex = 0; path = PAFinance.app; sourceTree = BUILT_PRODUCTS_DIR; };
		641EC21B21D4A0C100EB3832 /* AppDelegate.h */ = {isa = PBXFileReference; lastKnownFileType = sourcecode.c.h; path = AppDelegate.h; sourceTree = "<group>"; };
		641EC21C21D4A0C100EB3832 /* AppDelegate.m */ = {isa = PBXFileReference; lastKnownFileType = sourcecode.c.objc; path = AppDelegate.m; sourceTree = "<group>"; };
		641EC22221D4A0C100EB3832 /* Base */ = {isa = PBXFileReference; lastKnownFileType = file.storyboard; name = Base; path = Base.lproj/Main.storyboard; sourceTree = "<group>"; };
		641EC22421D4A0C200EB3832 /* Assets.xcassets */ = {isa = PBXFileReference; lastKnownFileType = folder.assetcatalog; path = Assets.xcassets; sourceTree = "<group>"; };
		641EC22721D4A0C200EB3832 /* Base */ = {isa = PBXFileReference; lastKnownFileType = file.storyboard; name = Base; path = Base.lproj/LaunchScreen.storyboard; sourceTree = "<group>"; };
		641EC23721D4A9D600EB3832 /* main.m */ = {isa = PBXFileReference; fileEncoding = 4; lastKnownFileType = sourcecode.c.objc; path = main.m; sourceTree = "<group>"; };
		641EC23821D4A9D600EB3832 /* Info.plist */ = {isa = PBXFileReference; fileEncoding = 4; lastKnownFileType = text.plist.xml; path = Info.plist; sourceTree = "<group>"; };
		641EC24321D4AC6500EB3832 /* PAFinance.pch */ = {isa = PBXFileReference; lastKnownFileType = sourcecode.c.h; path = PAFinance.pch; sourceTree = "<group>"; };
		641EC24D21D4C19700EB3832 /* PALoginViewController.h */ = {isa = PBXFileReference; lastKnownFileType = sourcecode.c.h; path = PALoginViewController.h; sourceTree = "<group>"; };
		641EC24E21D4C19700EB3832 /* PALoginViewController.m */ = {isa = PBXFileReference; lastKnownFileType = sourcecode.c.objc; path = PALoginViewController.m; sourceTree = "<group>"; };
		641EC25221D4CA4900EB3832 /* Login.storyboard */ = {isa = PBXFileReference; lastKnownFileType = file.storyboard; path = Login.storyboard; sourceTree = "<group>"; };
		641EC25E21D4D9C600EB3832 /* zh-Hans */ = {isa = PBXFileReference; lastKnownFileType = text.plist.strings; name = "zh-Hans"; path = "zh-Hans.lproj/Main.strings"; sourceTree = "<group>"; };
		641EC26221D4D9F100EB3832 /* en */ = {isa = PBXFileReference; lastKnownFileType = text.plist.strings; name = en; path = en.lproj/Localizable.strings; sourceTree = "<group>"; };
		641EC26421D4D9F200EB3832 /* zh-Hans */ = {isa = PBXFileReference; lastKnownFileType = text.plist.strings; name = "zh-Hans"; path = "zh-Hans.lproj/Localizable.strings"; sourceTree = "<group>"; };
		641EC26821D5B4E800EB3832 /* PANavigationController.h */ = {isa = PBXFileReference; lastKnownFileType = sourcecode.c.h; path = PANavigationController.h; sourceTree = "<group>"; };
		641EC26921D5B4E800EB3832 /* PANavigationController.m */ = {isa = PBXFileReference; lastKnownFileType = sourcecode.c.objc; path = PANavigationController.m; sourceTree = "<group>"; };
		641EC26B21D5B6C900EB3832 /* PATabBarController.h */ = {isa = PBXFileReference; lastKnownFileType = sourcecode.c.h; path = PATabBarController.h; sourceTree = "<group>"; };
		641EC26C21D5B6C900EB3832 /* PATabBarController.m */ = {isa = PBXFileReference; lastKnownFileType = sourcecode.c.objc; path = PATabBarController.m; sourceTree = "<group>"; };
		641EC27121D5C84F00EB3832 /* PAHomeViewController.h */ = {isa = PBXFileReference; lastKnownFileType = sourcecode.c.h; path = PAHomeViewController.h; sourceTree = "<group>"; };
		641EC27221D5C84F00EB3832 /* PAHomeViewController.m */ = {isa = PBXFileReference; lastKnownFileType = sourcecode.c.objc; path = PAHomeViewController.m; sourceTree = "<group>"; };
		64A163AD21E86CA00067C7C6 /* PAValidationCompletedController.h */ = {isa = PBXFileReference; lastKnownFileType = sourcecode.c.h; path = PAValidationCompletedController.h; sourceTree = "<group>"; };
		64A163AE21E86CA00067C7C6 /* PAValidationCompletedController.m */ = {isa = PBXFileReference; lastKnownFileType = sourcecode.c.objc; path = PAValidationCompletedController.m; sourceTree = "<group>"; };
		64A163AF21E86CA00067C7C6 /* PAValidationCompletedController.xib */ = {isa = PBXFileReference; lastKnownFileType = file.xib; path = PAValidationCompletedController.xib; sourceTree = "<group>"; };
		64BE1FA321D5EDC800A38B4B /* en */ = {isa = PBXFileReference; lastKnownFileType = text.plist.strings; name = en; path = en.lproj/Main.strings; sourceTree = "<group>"; };
		64BE1FAB21D5F5B600A38B4B /* WSLoginTextField.m */ = {isa = PBXFileReference; fileEncoding = 4; lastKnownFileType = sourcecode.c.objc; path = WSLoginTextField.m; sourceTree = "<group>"; };
		64BE1FAC21D5F5B600A38B4B /* WSLoginTextField.h */ = {isa = PBXFileReference; fileEncoding = 4; lastKnownFileType = sourcecode.c.h; path = WSLoginTextField.h; sourceTree = "<group>"; };
		64BE1FAE21D60E6D00A38B4B /* PAUserModel.h */ = {isa = PBXFileReference; lastKnownFileType = sourcecode.c.h; path = PAUserModel.h; sourceTree = "<group>"; };
		64BE1FAF21D60E6D00A38B4B /* PAUserModel.m */ = {isa = PBXFileReference; lastKnownFileType = sourcecode.c.objc; path = PAUserModel.m; sourceTree = "<group>"; };
		64BE1FB421D60F8C00A38B4B /* UIColor+Extension.h */ = {isa = PBXFileReference; fileEncoding = 4; lastKnownFileType = sourcecode.c.h; path = "UIColor+Extension.h"; sourceTree = "<group>"; };
		64BE1FB521D60F8C00A38B4B /* UIImage+Color.h */ = {isa = PBXFileReference; fileEncoding = 4; lastKnownFileType = sourcecode.c.h; path = "UIImage+Color.h"; sourceTree = "<group>"; };
		64BE1FB621D60F8C00A38B4B /* UIBarButtonItem+Item.h */ = {isa = PBXFileReference; fileEncoding = 4; lastKnownFileType = sourcecode.c.h; path = "UIBarButtonItem+Item.h"; sourceTree = "<group>"; };
		64BE1FB721D60F8C00A38B4B /* UITextField+placeholder.m */ = {isa = PBXFileReference; fileEncoding = 4; lastKnownFileType = sourcecode.c.objc; path = "UITextField+placeholder.m"; sourceTree = "<group>"; };
		64BE1FB821D60F8C00A38B4B /* UIColor+Extension.m */ = {isa = PBXFileReference; fileEncoding = 4; lastKnownFileType = sourcecode.c.objc; path = "UIColor+Extension.m"; sourceTree = "<group>"; };
		64BE1FB921D60F8C00A38B4B /* UIBarButtonItem+Item.m */ = {isa = PBXFileReference; fileEncoding = 4; lastKnownFileType = sourcecode.c.objc; path = "UIBarButtonItem+Item.m"; sourceTree = "<group>"; };
		64BE1FBA21D60F8C00A38B4B /* UIImage+Color.m */ = {isa = PBXFileReference; fileEncoding = 4; lastKnownFileType = sourcecode.c.objc; path = "UIImage+Color.m"; sourceTree = "<group>"; };
		64BE1FBB21D60F8C00A38B4B /* UITextField+placeholder.h */ = {isa = PBXFileReference; fileEncoding = 4; lastKnownFileType = sourcecode.c.h; path = "UITextField+placeholder.h"; sourceTree = "<group>"; };
		64BE1FC221D610A100A38B4B /* WSSingleton.h */ = {isa = PBXFileReference; lastKnownFileType = sourcecode.c.h; path = WSSingleton.h; sourceTree = "<group>"; };
		64BE1FC321D6158700A38B4B /* PAForgetPasswordViewController.h */ = {isa = PBXFileReference; lastKnownFileType = sourcecode.c.h; path = PAForgetPasswordViewController.h; sourceTree = "<group>"; };
		64BE1FC421D6158700A38B4B /* PAForgetPasswordViewController.m */ = {isa = PBXFileReference; lastKnownFileType = sourcecode.c.objc; path = PAForgetPasswordViewController.m; sourceTree = "<group>"; };
		64BE1FC621D61A4A00A38B4B /* PAVerificationCodeTool.h */ = {isa = PBXFileReference; lastKnownFileType = sourcecode.c.h; path = PAVerificationCodeTool.h; sourceTree = "<group>"; };
		64BE1FC721D61A4A00A38B4B /* PAVerificationCodeTool.m */ = {isa = PBXFileReference; lastKnownFileType = sourcecode.c.objc; path = PAVerificationCodeTool.m; sourceTree = "<group>"; };
		64BE1FCD21D74F2B00A38B4B /* PAConst.m */ = {isa = PBXFileReference; fileEncoding = 4; lastKnownFileType = sourcecode.c.objc; path = PAConst.m; sourceTree = "<group>"; };
		64BE1FCE21D74F2B00A38B4B /* PAConst.h */ = {isa = PBXFileReference; fileEncoding = 4; lastKnownFileType = sourcecode.c.h; path = PAConst.h; sourceTree = "<group>"; };
		64BE1FD021D7612200A38B4B /* PAInfoValidationViewController.h */ = {isa = PBXFileReference; lastKnownFileType = sourcecode.c.h; path = PAInfoValidationViewController.h; sourceTree = "<group>"; };
		64BE1FD121D7612200A38B4B /* PAInfoValidationViewController.m */ = {isa = PBXFileReference; lastKnownFileType = sourcecode.c.objc; path = PAInfoValidationViewController.m; sourceTree = "<group>"; };
		64BE1FD221D7612200A38B4B /* PAInfoValidationViewController.xib */ = {isa = PBXFileReference; lastKnownFileType = file.xib; path = PAInfoValidationViewController.xib; sourceTree = "<group>"; };
		64BE1FD521D7694700A38B4B /* PANextStepView.h */ = {isa = PBXFileReference; lastKnownFileType = sourcecode.c.h; path = PANextStepView.h; sourceTree = "<group>"; };
		64BE1FD621D7694700A38B4B /* PANextStepView.m */ = {isa = PBXFileReference; lastKnownFileType = sourcecode.c.objc; path = PANextStepView.m; sourceTree = "<group>"; };
		64BE1FD821D7695B00A38B4B /* PANextStepView.xib */ = {isa = PBXFileReference; lastKnownFileType = file.xib; path = PANextStepView.xib; sourceTree = "<group>"; };
		64BE1FDA21D76F5D00A38B4B /* UIView+Extension.h */ = {isa = PBXFileReference; fileEncoding = 4; lastKnownFileType = sourcecode.c.h; path = "UIView+Extension.h"; sourceTree = "<group>"; };
		64BE1FDB21D76F5D00A38B4B /* UIView+Extension.m */ = {isa = PBXFileReference; fileEncoding = 4; lastKnownFileType = sourcecode.c.objc; path = "UIView+Extension.m"; sourceTree = "<group>"; };
		64BE1FDD21D782F000A38B4B /* NSString+Extension.h */ = {isa = PBXFileReference; lastKnownFileType = sourcecode.c.h; path = "NSString+Extension.h"; sourceTree = "<group>"; };
		64BE1FDE21D782F000A38B4B /* NSString+Extension.m */ = {isa = PBXFileReference; lastKnownFileType = sourcecode.c.objc; path = "NSString+Extension.m"; sourceTree = "<group>"; };
		64D9787D21E3471B00F4B3F3 /* FaceStreamDetectorViewController.m */ = {isa = PBXFileReference; fileEncoding = 4; lastKnownFileType = sourcecode.c.objc; path = FaceStreamDetectorViewController.m; sourceTree = "<group>"; };
		64D9787E21E3471B00F4B3F3 /* FaceStreamDetectorViewController.h */ = {isa = PBXFileReference; fileEncoding = 4; lastKnownFileType = sourcecode.c.h; path = FaceStreamDetectorViewController.h; sourceTree = "<group>"; };
		64D9788021E3471B00F4B3F3 /* shakeHead2.png */ = {isa = PBXFileReference; lastKnownFileType = image.png; path = shakeHead2.png; sourceTree = "<group>"; };
		64D9788121E3471B00F4B3F3 /* shakeHead3.png */ = {isa = PBXFileReference; lastKnownFileType = image.png; path = shakeHead3.png; sourceTree = "<group>"; };
		64D9788221E3471B00F4B3F3 /* shakeHead1.png */ = {isa = PBXFileReference; lastKnownFileType = image.png; path = shakeHead1.png; sourceTree = "<group>"; };
		64D9788321E3471B00F4B3F3 /* shakeHead0.png */ = {isa = PBXFileReference; lastKnownFileType = image.png; path = shakeHead0.png; sourceTree = "<group>"; };
		64D9788421E3471B00F4B3F3 /* openMouth0.png */ = {isa = PBXFileReference; lastKnownFileType = image.png; path = openMouth0.png; sourceTree = "<group>"; };
		64D9788521E3471B00F4B3F3 /* openMouth1.png */ = {isa = PBXFileReference; lastKnownFileType = image.png; path = openMouth1.png; sourceTree = "<group>"; };
		64D9788821E3471B00F4B3F3 /* CanvasView.m */ = {isa = PBXFileReference; fileEncoding = 4; lastKnownFileType = sourcecode.c.objc; path = CanvasView.m; sourceTree = "<group>"; };
		64D9788921E3471B00F4B3F3 /* CanvasView.h */ = {isa = PBXFileReference; fileEncoding = 4; lastKnownFileType = sourcecode.c.h; path = CanvasView.h; sourceTree = "<group>"; };
		64D9788B21E3471B00F4B3F3 /* CaptureManager.m */ = {isa = PBXFileReference; fileEncoding = 4; lastKnownFileType = sourcecode.c.objc; path = CaptureManager.m; sourceTree = "<group>"; };
		64D9788C21E3471B00F4B3F3 /* CaptureManager.h */ = {isa = PBXFileReference; fileEncoding = 4; lastKnownFileType = sourcecode.c.h; path = CaptureManager.h; sourceTree = "<group>"; };
		64D9788E21E3471B00F4B3F3 /* IFlyFaceResultKeys.m */ = {isa = PBXFileReference; fileEncoding = 4; lastKnownFileType = sourcecode.c.objc; path = IFlyFaceResultKeys.m; sourceTree = "<group>"; };
		64D9788F21E3471B00F4B3F3 /* IFlyFaceResultKeys.h */ = {isa = PBXFileReference; fileEncoding = 4; lastKnownFileType = sourcecode.c.h; path = IFlyFaceResultKeys.h; sourceTree = "<group>"; };
		64D9789121E3471B00F4B3F3 /* IFlyFaceImage.m */ = {isa = PBXFileReference; fileEncoding = 4; lastKnownFileType = sourcecode.c.objc; path = IFlyFaceImage.m; sourceTree = "<group>"; };
		64D9789221E3471B00F4B3F3 /* UIImage+compress.m */ = {isa = PBXFileReference; fileEncoding = 4; lastKnownFileType = sourcecode.c.objc; path = "UIImage+compress.m"; sourceTree = "<group>"; };
		64D9789321E3471B00F4B3F3 /* UIImage+Extensions.h */ = {isa = PBXFileReference; fileEncoding = 4; lastKnownFileType = sourcecode.c.h; path = "UIImage+Extensions.h"; sourceTree = "<group>"; };
		64D9789421E3471B00F4B3F3 /* CalculatorTools.m */ = {isa = PBXFileReference; fileEncoding = 4; lastKnownFileType = sourcecode.c.objc; path = CalculatorTools.m; sourceTree = "<group>"; };
		64D9789521E3471B00F4B3F3 /* IFlyFaceImage.h */ = {isa = PBXFileReference; fileEncoding = 4; lastKnownFileType = sourcecode.c.h; path = IFlyFaceImage.h; sourceTree = "<group>"; };
		64D9789621E3471B00F4B3F3 /* UIImage+compress.h */ = {isa = PBXFileReference; fileEncoding = 4; lastKnownFileType = sourcecode.c.h; path = "UIImage+compress.h"; sourceTree = "<group>"; };
		64D9789721E3471B00F4B3F3 /* CalculatorTools.h */ = {isa = PBXFileReference; fileEncoding = 4; lastKnownFileType = sourcecode.c.h; path = CalculatorTools.h; sourceTree = "<group>"; };
		64D9789821E3471B00F4B3F3 /* UIImage+Extensions.m */ = {isa = PBXFileReference; fileEncoding = 4; lastKnownFileType = sourcecode.c.objc; path = "UIImage+Extensions.m"; sourceTree = "<group>"; };
		64D9789921E3471B00F4B3F3 /* DemoPreDefine.h */ = {isa = PBXFileReference; fileEncoding = 4; lastKnownFileType = sourcecode.c.h; path = DemoPreDefine.h; sourceTree = "<group>"; };
		64D9789B21E3471B00F4B3F3 /* PermissionDetector.h */ = {isa = PBXFileReference; fileEncoding = 4; lastKnownFileType = sourcecode.c.h; path = PermissionDetector.h; sourceTree = "<group>"; };
		64D9789C21E3471B00F4B3F3 /* PermissionDetector.m */ = {isa = PBXFileReference; fileEncoding = 4; lastKnownFileType = sourcecode.c.objc; path = PermissionDetector.m; sourceTree = "<group>"; };
		64D978AE21E3478500F4B3F3 /* libz.tbd */ = {isa = PBXFileReference; lastKnownFileType = "sourcecode.text-based-dylib-definition"; name = libz.tbd; path = usr/lib/libz.tbd; sourceTree = SDKROOT; };
		64D978B021E3478F00F4B3F3 /* AVFoundation.framework */ = {isa = PBXFileReference; lastKnownFileType = wrapper.framework; name = AVFoundation.framework; path = System/Library/Frameworks/AVFoundation.framework; sourceTree = SDKROOT; };
		64D978B221E3479A00F4B3F3 /* SystemConfiguration.framework */ = {isa = PBXFileReference; lastKnownFileType = wrapper.framework; name = SystemConfiguration.framework; path = System/Library/Frameworks/SystemConfiguration.framework; sourceTree = SDKROOT; };
		64D978B421E347A600F4B3F3 /* Foundation.framework */ = {isa = PBXFileReference; lastKnownFileType = wrapper.framework; name = Foundation.framework; path = System/Library/Frameworks/Foundation.framework; sourceTree = SDKROOT; };
		64D978B621E347AF00F4B3F3 /* CoreTelephony.framework */ = {isa = PBXFileReference; lastKnownFileType = wrapper.framework; name = CoreTelephony.framework; path = System/Library/Frameworks/CoreTelephony.framework; sourceTree = SDKROOT; };
		64D978B821E347B900F4B3F3 /* AudioToolbox.framework */ = {isa = PBXFileReference; lastKnownFileType = wrapper.framework; name = AudioToolbox.framework; path = System/Library/Frameworks/AudioToolbox.framework; sourceTree = SDKROOT; };
		64D978BA21E347C200F4B3F3 /* UIKit.framework */ = {isa = PBXFileReference; lastKnownFileType = wrapper.framework; name = UIKit.framework; path = System/Library/Frameworks/UIKit.framework; sourceTree = SDKROOT; };
		64D978BC21E347CB00F4B3F3 /* CoreLocation.framework */ = {isa = PBXFileReference; lastKnownFileType = wrapper.framework; name = CoreLocation.framework; path = System/Library/Frameworks/CoreLocation.framework; sourceTree = SDKROOT; };
		64D978BE21E347D200F4B3F3 /* Contacts.framework */ = {isa = PBXFileReference; lastKnownFileType = wrapper.framework; name = Contacts.framework; path = System/Library/Frameworks/Contacts.framework; sourceTree = SDKROOT; };
		64D978C021E347DD00F4B3F3 /* AddressBook.framework */ = {isa = PBXFileReference; lastKnownFileType = wrapper.framework; name = AddressBook.framework; path = System/Library/Frameworks/AddressBook.framework; sourceTree = SDKROOT; };
		64D978C221E347E600F4B3F3 /* QuartzCore.framework */ = {isa = PBXFileReference; lastKnownFileType = wrapper.framework; name = QuartzCore.framework; path = System/Library/Frameworks/QuartzCore.framework; sourceTree = SDKROOT; };
		64D978C421E347EE00F4B3F3 /* CoreGraphics.framework */ = {isa = PBXFileReference; lastKnownFileType = wrapper.framework; name = CoreGraphics.framework; path = System/Library/Frameworks/CoreGraphics.framework; sourceTree = SDKROOT; };
		64D978C621E347FB00F4B3F3 /* libc++.tbd */ = {isa = PBXFileReference; lastKnownFileType = "sourcecode.text-based-dylib-definition"; name = "libc++.tbd"; path = "usr/lib/libc++.tbd"; sourceTree = SDKROOT; };
		64D978C821E3588400F4B3F3 /* iflyMSC.framework */ = {isa = PBXFileReference; lastKnownFileType = wrapper.framework; path = iflyMSC.framework; sourceTree = "<group>"; };
		64D978CA21E4777900F4B3F3 /* UIButton+Button.h */ = {isa = PBXFileReference; lastKnownFileType = sourcecode.c.h; path = "UIButton+Button.h"; sourceTree = "<group>"; };
		64D978CB21E4777900F4B3F3 /* UIButton+Button.m */ = {isa = PBXFileReference; lastKnownFileType = sourcecode.c.objc; path = "UIButton+Button.m"; sourceTree = "<group>"; };
		64D978D021E499EB00F4B3F3 /* PAPrepareVideoViewController.h */ = {isa = PBXFileReference; lastKnownFileType = sourcecode.c.h; path = PAPrepareVideoViewController.h; sourceTree = "<group>"; };
		64D978D121E499EB00F4B3F3 /* PAPrepareVideoViewController.m */ = {isa = PBXFileReference; lastKnownFileType = sourcecode.c.objc; path = PAPrepareVideoViewController.m; sourceTree = "<group>"; };
		64D978D221E499EB00F4B3F3 /* PAPrepareVideoViewController.xib */ = {isa = PBXFileReference; lastKnownFileType = file.xib; path = PAPrepareVideoViewController.xib; sourceTree = "<group>"; };
		64E3102521E5CB5A007E3240 /* PAVideoRecordController.h */ = {isa = PBXFileReference; fileEncoding = 4; lastKnownFileType = sourcecode.c.h; path = PAVideoRecordController.h; sourceTree = "<group>"; };
		64E3102621E5CB5A007E3240 /* PAVideoRecordController.m */ = {isa = PBXFileReference; fileEncoding = 4; lastKnownFileType = sourcecode.c.objc; path = PAVideoRecordController.m; sourceTree = "<group>"; };
		64E3102821E5CB71007E3240 /* PAProgressView.m */ = {isa = PBXFileReference; fileEncoding = 4; lastKnownFileType = sourcecode.c.objc; path = PAProgressView.m; sourceTree = "<group>"; };
		64E3102921E5CB71007E3240 /* PAVideoView.h */ = {isa = PBXFileReference; fileEncoding = 4; lastKnownFileType = sourcecode.c.h; path = PAVideoView.h; sourceTree = "<group>"; };
		64E3102A21E5CB71007E3240 /* PAProgressView.h */ = {isa = PBXFileReference; fileEncoding = 4; lastKnownFileType = sourcecode.c.h; path = PAProgressView.h; sourceTree = "<group>"; };
		64E3102B21E5CB71007E3240 /* PAVideoView.m */ = {isa = PBXFileReference; fileEncoding = 4; lastKnownFileType = sourcecode.c.objc; path = PAVideoView.m; sourceTree = "<group>"; };
		64E3102E21E5CB88007E3240 /* PAAVPlayer.h */ = {isa = PBXFileReference; fileEncoding = 4; lastKnownFileType = sourcecode.c.h; path = PAAVPlayer.h; sourceTree = "<group>"; };
		64E3102F21E5CB88007E3240 /* PAAVPlayer.m */ = {isa = PBXFileReference; fileEncoding = 4; lastKnownFileType = sourcecode.c.objc; path = PAAVPlayer.m; sourceTree = "<group>"; };
		64E3103221E5CBE1007E3240 /* UtilsMacro.h */ = {isa = PBXFileReference; fileEncoding = 4; lastKnownFileType = sourcecode.c.h; path = UtilsMacro.h; sourceTree = "<group>"; };
		64E3103321E5CBE1007E3240 /* UIUtility.h */ = {isa = PBXFileReference; fileEncoding = 4; lastKnownFileType = sourcecode.c.h; path = UIUtility.h; sourceTree = "<group>"; };
		64E3103421E5CBE1007E3240 /* UIUtility.m */ = {isa = PBXFileReference; fileEncoding = 4; lastKnownFileType = sourcecode.c.objc; path = UIUtility.m; sourceTree = "<group>"; };
		64E3103621E6F722007E3240 /* NSDate+Compare.h */ = {isa = PBXFileReference; lastKnownFileType = sourcecode.c.h; path = "NSDate+Compare.h"; sourceTree = "<group>"; };
		64E3103721E6F722007E3240 /* NSDate+Compare.m */ = {isa = PBXFileReference; lastKnownFileType = sourcecode.c.objc; path = "NSDate+Compare.m"; sourceTree = "<group>"; };
		64E3103921E72190007E3240 /* PAVideoCommitViewController.h */ = {isa = PBXFileReference; lastKnownFileType = sourcecode.c.h; path = PAVideoCommitViewController.h; sourceTree = "<group>"; };
		64E3103A21E72190007E3240 /* PAVideoCommitViewController.m */ = {isa = PBXFileReference; lastKnownFileType = sourcecode.c.objc; path = PAVideoCommitViewController.m; sourceTree = "<group>"; };
		64E3103B21E72190007E3240 /* PAVideoCommitViewController.xib */ = {isa = PBXFileReference; lastKnownFileType = file.xib; path = PAVideoCommitViewController.xib; sourceTree = "<group>"; };
		82ED49697C46D76786AB6790 /* Pods-PAFinance.debug.xcconfig */ = {isa = PBXFileReference; includeInIndex = 1; lastKnownFileType = text.xcconfig; name = "Pods-PAFinance.debug.xcconfig"; path = "Pods/Target Support Files/Pods-PAFinance/Pods-PAFinance.debug.xcconfig"; sourceTree = "<group>"; };
/* End PBXFileReference section */

/* Begin PBXFrameworksBuildPhase section */
		641EC21521D4A0C100EB3832 /* Frameworks */ = {
			isa = PBXFrameworksBuildPhase;
			buildActionMask = 2147483647;
			files = (
				64D978C721E347FB00F4B3F3 /* libc++.tbd in Frameworks */,
				64D978C521E347EE00F4B3F3 /* CoreGraphics.framework in Frameworks */,
				64D978C321E347E600F4B3F3 /* QuartzCore.framework in Frameworks */,
				64D978C921E3588400F4B3F3 /* iflyMSC.framework in Frameworks */,
				64D978C121E347DD00F4B3F3 /* AddressBook.framework in Frameworks */,
				64D978BF21E347D200F4B3F3 /* Contacts.framework in Frameworks */,
				64D978BD21E347CB00F4B3F3 /* CoreLocation.framework in Frameworks */,
				64D978BB21E347C200F4B3F3 /* UIKit.framework in Frameworks */,
				64D978B921E347B900F4B3F3 /* AudioToolbox.framework in Frameworks */,
				64D978B721E347AF00F4B3F3 /* CoreTelephony.framework in Frameworks */,
				64D978B521E347A700F4B3F3 /* Foundation.framework in Frameworks */,
				64D978B321E3479A00F4B3F3 /* SystemConfiguration.framework in Frameworks */,
				64D978B121E3478F00F4B3F3 /* AVFoundation.framework in Frameworks */,
				64D978AF21E3478600F4B3F3 /* libz.tbd in Frameworks */,
				D7F3CF064247BD1F123E1594 /* libPods-PAFinance.a in Frameworks */,
			);
			runOnlyForDeploymentPostprocessing = 0;
		};
/* End PBXFrameworksBuildPhase section */

/* Begin PBXGroup section */
		0933D39294D9C7A3F8474566 /* Pods */ = {
			isa = PBXGroup;
			children = (
				82ED49697C46D76786AB6790 /* Pods-PAFinance.debug.xcconfig */,
				032092A14F71B80B6ADD6105 /* Pods-PAFinance.release.xcconfig */,
			);
			name = Pods;
			sourceTree = "<group>";
		};
		4BFD78E7856D95E9FD5DF213 /* Frameworks */ = {
			isa = PBXGroup;
			children = (
				64D978C821E3588400F4B3F3 /* iflyMSC.framework */,
				64D978C621E347FB00F4B3F3 /* libc++.tbd */,
				64D978C421E347EE00F4B3F3 /* CoreGraphics.framework */,
				64D978C221E347E600F4B3F3 /* QuartzCore.framework */,
				64D978C021E347DD00F4B3F3 /* AddressBook.framework */,
				64D978BE21E347D200F4B3F3 /* Contacts.framework */,
				64D978BC21E347CB00F4B3F3 /* CoreLocation.framework */,
				64D978BA21E347C200F4B3F3 /* UIKit.framework */,
				64D978B821E347B900F4B3F3 /* AudioToolbox.framework */,
				64D978B621E347AF00F4B3F3 /* CoreTelephony.framework */,
				64D978B421E347A600F4B3F3 /* Foundation.framework */,
				64D978B221E3479A00F4B3F3 /* SystemConfiguration.framework */,
				64D978B021E3478F00F4B3F3 /* AVFoundation.framework */,
				64D978AE21E3478500F4B3F3 /* libz.tbd */,
				59C838F243A9E9DA04757324 /* libPods-PAFinance.a */,
			);
			name = Frameworks;
			sourceTree = "<group>";
		};
		641EC20F21D4A0C100EB3832 = {
			isa = PBXGroup;
			children = (
				641EC21A21D4A0C100EB3832 /* PAFinance */,
				641EC21921D4A0C100EB3832 /* Products */,
				0933D39294D9C7A3F8474566 /* Pods */,
				4BFD78E7856D95E9FD5DF213 /* Frameworks */,
			);
			sourceTree = "<group>";
		};
		641EC21921D4A0C100EB3832 /* Products */ = {
			isa = PBXGroup;
			children = (
				641EC21821D4A0C100EB3832 /* PAFinance.app */,
			);
			name = Products;
			sourceTree = "<group>";
		};
		641EC21A21D4A0C100EB3832 /* PAFinance */ = {
			isa = PBXGroup;
			children = (
				641EC23121D4A9D600EB3832 /* Class */,
				641EC22121D4A0C100EB3832 /* Main.storyboard */,
				641EC22421D4A0C200EB3832 /* Assets.xcassets */,
				641EC22621D4A0C200EB3832 /* LaunchScreen.storyboard */,
			);
			path = PAFinance;
			sourceTree = "<group>";
		};
		641EC23121D4A9D600EB3832 /* Class */ = {
			isa = PBXGroup;
			children = (
				641EC21B21D4A0C100EB3832 /* AppDelegate.h */,
				641EC21C21D4A0C100EB3832 /* AppDelegate.m */,
				641EC23D21D4A9D600EB3832 /* Main */,
				641EC24421D4ACCE00EB3832 /* Login */,
				641EC23221D4A9D600EB3832 /* Home */,
				641EC23921D4A9D600EB3832 /* Profile */,
				64F8175D21DDFB700003137A /* FaceRecognition */,
				64F8175E21DDFBF40003137A /* VideoRecording */,
				641EC23621D4A9D600EB3832 /* System */,
				64BE1FB121D60F8C00A38B4B /* Public */,
				641EC25821D4D8BD00EB3832 /* Languages */,
			);
			path = Class;
			sourceTree = "<group>";
		};
		641EC23221D4A9D600EB3832 /* Home */ = {
			isa = PBXGroup;
			children = (
				641EC23421D4A9D600EB3832 /* Model */,
				641EC23521D4A9D600EB3832 /* View */,
				641EC23321D4A9D600EB3832 /* Controller */,
			);
			path = Home;
			sourceTree = "<group>";
		};
		641EC23321D4A9D600EB3832 /* Controller */ = {
			isa = PBXGroup;
			children = (
				641EC27121D5C84F00EB3832 /* PAHomeViewController.h */,
				641EC27221D5C84F00EB3832 /* PAHomeViewController.m */,
				64BE1FD021D7612200A38B4B /* PAInfoValidationViewController.h */,
				64BE1FD121D7612200A38B4B /* PAInfoValidationViewController.m */,
				64BE1FD221D7612200A38B4B /* PAInfoValidationViewController.xib */,
				64A163AD21E86CA00067C7C6 /* PAValidationCompletedController.h */,
				64A163AE21E86CA00067C7C6 /* PAValidationCompletedController.m */,
				64A163AF21E86CA00067C7C6 /* PAValidationCompletedController.xib */,
			);
			path = Controller;
			sourceTree = "<group>";
		};
		641EC23421D4A9D600EB3832 /* Model */ = {
			isa = PBXGroup;
			children = (
			);
			path = Model;
			sourceTree = "<group>";
		};
		641EC23521D4A9D600EB3832 /* View */ = {
			isa = PBXGroup;
			children = (
				64BE1FD521D7694700A38B4B /* PANextStepView.h */,
				64BE1FD621D7694700A38B4B /* PANextStepView.m */,
				64BE1FD821D7695B00A38B4B /* PANextStepView.xib */,
			);
			path = View;
			sourceTree = "<group>";
		};
		641EC23621D4A9D600EB3832 /* System */ = {
			isa = PBXGroup;
			children = (
				641EC23721D4A9D600EB3832 /* main.m */,
				641EC23821D4A9D600EB3832 /* Info.plist */,
				641EC24321D4AC6500EB3832 /* PAFinance.pch */,
			);
			path = System;
			sourceTree = "<group>";
		};
		641EC23921D4A9D600EB3832 /* Profile */ = {
			isa = PBXGroup;
			children = (
				641EC23A21D4A9D600EB3832 /* Controller */,
				641EC23B21D4A9D600EB3832 /* Model */,
				641EC23C21D4A9D600EB3832 /* View */,
			);
			path = Profile;
			sourceTree = "<group>";
		};
		641EC23A21D4A9D600EB3832 /* Controller */ = {
			isa = PBXGroup;
			children = (
			);
			path = Controller;
			sourceTree = "<group>";
		};
		641EC23B21D4A9D600EB3832 /* Model */ = {
			isa = PBXGroup;
			children = (
			);
			path = Model;
			sourceTree = "<group>";
		};
		641EC23C21D4A9D600EB3832 /* View */ = {
			isa = PBXGroup;
			children = (
			);
			path = View;
			sourceTree = "<group>";
		};
		641EC23D21D4A9D600EB3832 /* Main */ = {
			isa = PBXGroup;
			children = (
				641EC23F21D4A9D600EB3832 /* Model */,
				641EC24021D4A9D600EB3832 /* View */,
				641EC23E21D4A9D600EB3832 /* Controller */,
			);
			path = Main;
			sourceTree = "<group>";
		};
		641EC23E21D4A9D600EB3832 /* Controller */ = {
			isa = PBXGroup;
			children = (
				641EC26B21D5B6C900EB3832 /* PATabBarController.h */,
				641EC26C21D5B6C900EB3832 /* PATabBarController.m */,
				641EC26821D5B4E800EB3832 /* PANavigationController.h */,
				641EC26921D5B4E800EB3832 /* PANavigationController.m */,
			);
			path = Controller;
			sourceTree = "<group>";
		};
		641EC23F21D4A9D600EB3832 /* Model */ = {
			isa = PBXGroup;
			children = (
				64BE1FAE21D60E6D00A38B4B /* PAUserModel.h */,
				64BE1FAF21D60E6D00A38B4B /* PAUserModel.m */,
			);
			path = Model;
			sourceTree = "<group>";
		};
		641EC24021D4A9D600EB3832 /* View */ = {
			isa = PBXGroup;
			children = (
			);
			path = View;
			sourceTree = "<group>";
		};
		641EC24421D4ACCE00EB3832 /* Login */ = {
			isa = PBXGroup;
			children = (
				641EC24521D4AD0600EB3832 /* Model */,
				641EC24621D4AD0600EB3832 /* View */,
				641EC24721D4AD0600EB3832 /* Controller */,
			);
			path = Login;
			sourceTree = "<group>";
		};
		641EC24521D4AD0600EB3832 /* Model */ = {
			isa = PBXGroup;
			children = (
			);
			path = Model;
			sourceTree = "<group>";
		};
		641EC24621D4AD0600EB3832 /* View */ = {
			isa = PBXGroup;
			children = (
				64BE1FAC21D5F5B600A38B4B /* WSLoginTextField.h */,
				64BE1FAB21D5F5B600A38B4B /* WSLoginTextField.m */,
			);
			path = View;
			sourceTree = "<group>";
		};
		641EC24721D4AD0600EB3832 /* Controller */ = {
			isa = PBXGroup;
			children = (
				641EC25221D4CA4900EB3832 /* Login.storyboard */,
				641EC24D21D4C19700EB3832 /* PALoginViewController.h */,
				641EC24E21D4C19700EB3832 /* PALoginViewController.m */,
				64BE1FC321D6158700A38B4B /* PAForgetPasswordViewController.h */,
				64BE1FC421D6158700A38B4B /* PAForgetPasswordViewController.m */,
			);
			path = Controller;
			sourceTree = "<group>";
		};
		641EC25821D4D8BD00EB3832 /* Languages */ = {
			isa = PBXGroup;
			children = (
				641EC26321D4D9F100EB3832 /* Localizable.strings */,
			);
			path = Languages;
			sourceTree = "<group>";
		};
		64BE1FB121D60F8C00A38B4B /* Public */ = {
			isa = PBXGroup;
			children = (
				64BE1FCC21D74EAA00A38B4B /* Const */,
				64BE1FB221D60F8C00A38B4B /* Tools */,
				64BE1FB321D60F8C00A38B4B /* Category */,
				64BE1FBC21D60F8C00A38B4B /* Singleton */,
			);
			path = Public;
			sourceTree = "<group>";
		};
		64BE1FB221D60F8C00A38B4B /* Tools */ = {
			isa = PBXGroup;
			children = (
				64BE1FC621D61A4A00A38B4B /* PAVerificationCodeTool.h */,
				64BE1FC721D61A4A00A38B4B /* PAVerificationCodeTool.m */,
			);
			path = Tools;
			sourceTree = "<group>";
		};
		64BE1FB321D60F8C00A38B4B /* Category */ = {
			isa = PBXGroup;
			children = (
				64BE1FDA21D76F5D00A38B4B /* UIView+Extension.h */,
				64BE1FDB21D76F5D00A38B4B /* UIView+Extension.m */,
				64BE1FB421D60F8C00A38B4B /* UIColor+Extension.h */,
				64BE1FB821D60F8C00A38B4B /* UIColor+Extension.m */,
				64BE1FBB21D60F8C00A38B4B /* UITextField+placeholder.h */,
				64BE1FB721D60F8C00A38B4B /* UITextField+placeholder.m */,
				64BE1FB621D60F8C00A38B4B /* UIBarButtonItem+Item.h */,
				64BE1FB921D60F8C00A38B4B /* UIBarButtonItem+Item.m */,
				64BE1FB521D60F8C00A38B4B /* UIImage+Color.h */,
				64BE1FBA21D60F8C00A38B4B /* UIImage+Color.m */,
				64BE1FDD21D782F000A38B4B /* NSString+Extension.h */,
				64BE1FDE21D782F000A38B4B /* NSString+Extension.m */,
				64D978CA21E4777900F4B3F3 /* UIButton+Button.h */,
				64D978CB21E4777900F4B3F3 /* UIButton+Button.m */,
				64E3103621E6F722007E3240 /* NSDate+Compare.h */,
				64E3103721E6F722007E3240 /* NSDate+Compare.m */,
			);
			path = Category;
			sourceTree = "<group>";
		};
		64BE1FBC21D60F8C00A38B4B /* Singleton */ = {
			isa = PBXGroup;
			children = (
				64BE1FC221D610A100A38B4B /* WSSingleton.h */,
			);
			path = Singleton;
			sourceTree = "<group>";
		};
		64BE1FCC21D74EAA00A38B4B /* Const */ = {
			isa = PBXGroup;
			children = (
				64BE1FCE21D74F2B00A38B4B /* PAConst.h */,
				64BE1FCD21D74F2B00A38B4B /* PAConst.m */,
			);
			path = Const;
			sourceTree = "<group>";
		};
		64D9787C21E3471B00F4B3F3 /* FaceDetector */ = {
			isa = PBXGroup;
			children = (
				64D9787E21E3471B00F4B3F3 /* FaceStreamDetectorViewController.h */,
				64D9787D21E3471B00F4B3F3 /* FaceStreamDetectorViewController.m */,
			);
			path = FaceDetector;
			sourceTree = "<group>";
		};
		64D9787F21E3471B00F4B3F3 /* FaceImages */ = {
			isa = PBXGroup;
			children = (
				64D9788021E3471B00F4B3F3 /* shakeHead2.png */,
				64D9788121E3471B00F4B3F3 /* shakeHead3.png */,
				64D9788221E3471B00F4B3F3 /* shakeHead1.png */,
				64D9788321E3471B00F4B3F3 /* shakeHead0.png */,
				64D9788421E3471B00F4B3F3 /* openMouth0.png */,
				64D9788521E3471B00F4B3F3 /* openMouth1.png */,
			);
			path = FaceImages;
			sourceTree = "<group>";
		};
		64D9788621E3471B00F4B3F3 /* FaceTools */ = {
			isa = PBXGroup;
			children = (
				64D9788721E3471B00F4B3F3 /* CanvasView */,
				64D9788A21E3471B00F4B3F3 /* Capture */,
				64D9788D21E3471B00F4B3F3 /* Result */,
				64D9789021E3471B00F4B3F3 /* Image */,
				64D9789921E3471B00F4B3F3 /* DemoPreDefine.h */,
				64D9789A21E3471B00F4B3F3 /* Permission */,
			);
			path = FaceTools;
			sourceTree = "<group>";
		};
		64D9788721E3471B00F4B3F3 /* CanvasView */ = {
			isa = PBXGroup;
			children = (
				64D9788921E3471B00F4B3F3 /* CanvasView.h */,
				64D9788821E3471B00F4B3F3 /* CanvasView.m */,
			);
			path = CanvasView;
			sourceTree = "<group>";
		};
		64D9788A21E3471B00F4B3F3 /* Capture */ = {
			isa = PBXGroup;
			children = (
				64D9788C21E3471B00F4B3F3 /* CaptureManager.h */,
				64D9788B21E3471B00F4B3F3 /* CaptureManager.m */,
			);
			path = Capture;
			sourceTree = "<group>";
		};
		64D9788D21E3471B00F4B3F3 /* Result */ = {
			isa = PBXGroup;
			children = (
				64D9788F21E3471B00F4B3F3 /* IFlyFaceResultKeys.h */,
				64D9788E21E3471B00F4B3F3 /* IFlyFaceResultKeys.m */,
			);
			path = Result;
			sourceTree = "<group>";
		};
		64D9789021E3471B00F4B3F3 /* Image */ = {
			isa = PBXGroup;
			children = (
				64D9789721E3471B00F4B3F3 /* CalculatorTools.h */,
				64D9789421E3471B00F4B3F3 /* CalculatorTools.m */,
				64D9789521E3471B00F4B3F3 /* IFlyFaceImage.h */,
				64D9789121E3471B00F4B3F3 /* IFlyFaceImage.m */,
				64D9789621E3471B00F4B3F3 /* UIImage+compress.h */,
				64D9789221E3471B00F4B3F3 /* UIImage+compress.m */,
				64D9789321E3471B00F4B3F3 /* UIImage+Extensions.h */,
				64D9789821E3471B00F4B3F3 /* UIImage+Extensions.m */,
			);
			path = Image;
			sourceTree = "<group>";
		};
		64D9789A21E3471B00F4B3F3 /* Permission */ = {
			isa = PBXGroup;
			children = (
				64D9789B21E3471B00F4B3F3 /* PermissionDetector.h */,
				64D9789C21E3471B00F4B3F3 /* PermissionDetector.m */,
			);
			path = Permission;
			sourceTree = "<group>";
		};
		64D978CD21E4992A00F4B3F3 /* Model */ = {
			isa = PBXGroup;
			children = (
			);
			path = Model;
			sourceTree = "<group>";
		};
		64D978CE21E4993400F4B3F3 /* Controller */ = {
			isa = PBXGroup;
			children = (
				64D978D021E499EB00F4B3F3 /* PAPrepareVideoViewController.h */,
				64D978D121E499EB00F4B3F3 /* PAPrepareVideoViewController.m */,
				64D978D221E499EB00F4B3F3 /* PAPrepareVideoViewController.xib */,
				64E3102521E5CB5A007E3240 /* PAVideoRecordController.h */,
				64E3102621E5CB5A007E3240 /* PAVideoRecordController.m */,
				64E3103921E72190007E3240 /* PAVideoCommitViewController.h */,
				64E3103A21E72190007E3240 /* PAVideoCommitViewController.m */,
				64E3103B21E72190007E3240 /* PAVideoCommitViewController.xib */,
			);
			path = Controller;
			sourceTree = "<group>";
		};
		64D978CF21E4994100F4B3F3 /* View */ = {
			isa = PBXGroup;
			children = (
				64E3102921E5CB71007E3240 /* PAVideoView.h */,
				64E3102B21E5CB71007E3240 /* PAVideoView.m */,
				64E3102A21E5CB71007E3240 /* PAProgressView.h */,
				64E3102821E5CB71007E3240 /* PAProgressView.m */,
				64E3102E21E5CB88007E3240 /* PAAVPlayer.h */,
				64E3102F21E5CB88007E3240 /* PAAVPlayer.m */,
			);
			path = View;
			sourceTree = "<group>";
		};
		64E3103121E5CBE1007E3240 /* Utility */ = {
			isa = PBXGroup;
			children = (
				64E3103221E5CBE1007E3240 /* UtilsMacro.h */,
				64E3103321E5CBE1007E3240 /* UIUtility.h */,
				64E3103421E5CBE1007E3240 /* UIUtility.m */,
			);
			path = Utility;
			sourceTree = "<group>";
		};
		64F8175D21DDFB700003137A /* FaceRecognition */ = {
			isa = PBXGroup;
			children = (
				64D9787C21E3471B00F4B3F3 /* FaceDetector */,
				64D9787F21E3471B00F4B3F3 /* FaceImages */,
				64D9788621E3471B00F4B3F3 /* FaceTools */,
			);
			path = FaceRecognition;
			sourceTree = "<group>";
		};
		64F8175E21DDFBF40003137A /* VideoRecording */ = {
			isa = PBXGroup;
			children = (
				64E3103121E5CBE1007E3240 /* Utility */,
				64D978CD21E4992A00F4B3F3 /* Model */,
				64D978CF21E4994100F4B3F3 /* View */,
				64D978CE21E4993400F4B3F3 /* Controller */,
			);
			path = VideoRecording;
			sourceTree = "<group>";
		};
/* End PBXGroup section */

/* Begin PBXNativeTarget section */
		641EC21721D4A0C100EB3832 /* PAFinance */ = {
			isa = PBXNativeTarget;
			buildConfigurationList = 641EC22E21D4A0C200EB3832 /* Build configuration list for PBXNativeTarget "PAFinance" */;
			buildPhases = (
				D5431F8C56931F6AC93B9143 /* [CP] Check Pods Manifest.lock */,
				641EC21421D4A0C100EB3832 /* Sources */,
				641EC21521D4A0C100EB3832 /* Frameworks */,
				641EC21621D4A0C100EB3832 /* Resources */,
				CAC2EB23D14012ABDE97EBC2 /* [CP] Copy Pods Resources */,
			);
			buildRules = (
			);
			dependencies = (
			);
			name = PAFinance;
			productName = PAFinance;
			productReference = 641EC21821D4A0C100EB3832 /* PAFinance.app */;
			productType = "com.apple.product-type.application";
		};
/* End PBXNativeTarget section */

/* Begin PBXProject section */
		641EC21021D4A0C100EB3832 /* Project object */ = {
			isa = PBXProject;
			attributes = {
				CLASSPREFIX = PA;
				LastUpgradeCheck = 1000;
				ORGANIZATIONNAME = StevenWu;
				TargetAttributes = {
					641EC21721D4A0C100EB3832 = {
						CreatedOnToolsVersion = 10.0;
					};
				};
			};
			buildConfigurationList = 641EC21321D4A0C100EB3832 /* Build configuration list for PBXProject "PAFinance" */;
			compatibilityVersion = "Xcode 9.3";
			developmentRegion = en;
			hasScannedForEncodings = 0;
			knownRegions = (
				en,
				Base,
				"zh-Hans",
			);
			mainGroup = 641EC20F21D4A0C100EB3832;
			productRefGroup = 641EC21921D4A0C100EB3832 /* Products */;
			projectDirPath = "";
			projectRoot = "";
			targets = (
				641EC21721D4A0C100EB3832 /* PAFinance */,
			);
		};
/* End PBXProject section */

/* Begin PBXResourcesBuildPhase section */
		641EC21621D4A0C100EB3832 /* Resources */ = {
			isa = PBXResourcesBuildPhase;
			buildActionMask = 2147483647;
			files = (
				641EC26121D4D9F100EB3832 /* Localizable.strings in Resources */,
				64D9789E21E3471B00F4B3F3 /* shakeHead2.png in Resources */,
				64E3103D21E72190007E3240 /* PAVideoCommitViewController.xib in Resources */,
				64D978A121E3471B00F4B3F3 /* shakeHead0.png in Resources */,
				641EC25321D4CA4900EB3832 /* Login.storyboard in Resources */,
				64BE1FD421D7612200A38B4B /* PAInfoValidationViewController.xib in Resources */,
				64BE1FD921D7695B00A38B4B /* PANextStepView.xib in Resources */,
				641EC22821D4A0C200EB3832 /* LaunchScreen.storyboard in Resources */,
				641EC22521D4A0C200EB3832 /* Assets.xcassets in Resources */,
				64A163B121E86CA00067C7C6 /* PAValidationCompletedController.xib in Resources */,
				64D978D421E499EB00F4B3F3 /* PAPrepareVideoViewController.xib in Resources */,
				64D978A221E3471B00F4B3F3 /* openMouth0.png in Resources */,
				64D9789F21E3471B00F4B3F3 /* shakeHead3.png in Resources */,
				64D978A321E3471B00F4B3F3 /* openMouth1.png in Resources */,
				64D978A021E3471B00F4B3F3 /* shakeHead1.png in Resources */,
				641EC22321D4A0C100EB3832 /* Main.storyboard in Resources */,
			);
			runOnlyForDeploymentPostprocessing = 0;
		};
/* End PBXResourcesBuildPhase section */

/* Begin PBXShellScriptBuildPhase section */
		CAC2EB23D14012ABDE97EBC2 /* [CP] Copy Pods Resources */ = {
			isa = PBXShellScriptBuildPhase;
			buildActionMask = 2147483647;
			files = (
			);
			inputFileListPaths = (
			);
			inputPaths = (
				"${SRCROOT}/Pods/Target Support Files/Pods-PAFinance/Pods-PAFinance-resources.sh",
				"${PODS_ROOT}/SVProgressHUD/SVProgressHUD/SVProgressHUD.bundle",
			);
			name = "[CP] Copy Pods Resources";
			outputFileListPaths = (
			);
			outputPaths = (
				"${TARGET_BUILD_DIR}/${UNLOCALIZED_RESOURCES_FOLDER_PATH}/SVProgressHUD.bundle",
			);
			runOnlyForDeploymentPostprocessing = 0;
			shellPath = /bin/sh;
			shellScript = "\"${SRCROOT}/Pods/Target Support Files/Pods-PAFinance/Pods-PAFinance-resources.sh\"\n";
			showEnvVarsInLog = 0;
		};
		D5431F8C56931F6AC93B9143 /* [CP] Check Pods Manifest.lock */ = {
			isa = PBXShellScriptBuildPhase;
			buildActionMask = 2147483647;
			files = (
			);
			inputFileListPaths = (
			);
			inputPaths = (
				"${PODS_PODFILE_DIR_PATH}/Podfile.lock",
				"${PODS_ROOT}/Manifest.lock",
			);
			name = "[CP] Check Pods Manifest.lock";
			outputFileListPaths = (
			);
			outputPaths = (
				"$(DERIVED_FILE_DIR)/Pods-PAFinance-checkManifestLockResult.txt",
			);
			runOnlyForDeploymentPostprocessing = 0;
			shellPath = /bin/sh;
			shellScript = "diff \"${PODS_PODFILE_DIR_PATH}/Podfile.lock\" \"${PODS_ROOT}/Manifest.lock\" > /dev/null\nif [ $? != 0 ] ; then\n    # print error to STDERR\n    echo \"error: The sandbox is not in sync with the Podfile.lock. Run 'pod install' or update your CocoaPods installation.\" >&2\n    exit 1\nfi\n# This output is used by Xcode 'outputs' to avoid re-running this script phase.\necho \"SUCCESS\" > \"${SCRIPT_OUTPUT_FILE_0}\"\n";
			showEnvVarsInLog = 0;
		};
/* End PBXShellScriptBuildPhase section */

/* Begin PBXSourcesBuildPhase section */
		641EC21421D4A0C100EB3832 /* Sources */ = {
			isa = PBXSourcesBuildPhase;
			buildActionMask = 2147483647;
			files = (
				64BE1FDC21D76F5D00A38B4B /* UIView+Extension.m in Sources */,
				64BE1FC821D61A4A00A38B4B /* PAVerificationCodeTool.m in Sources */,
				64BE1FC521D6158700A38B4B /* PAForgetPasswordViewController.m in Sources */,
				641EC26A21D5B4E800EB3832 /* PANavigationController.m in Sources */,
				64E3103021E5CB88007E3240 /* PAAVPlayer.m in Sources */,
				64D978AA21E3471B00F4B3F3 /* UIImage+Extensions.m in Sources */,
				64BE1FB021D60E6D00A38B4B /* PAUserModel.m in Sources */,
				64D978A821E3471B00F4B3F3 /* UIImage+compress.m in Sources */,
				64D9789D21E3471B00F4B3F3 /* FaceStreamDetectorViewController.m in Sources */,
				64BE1FD321D7612200A38B4B /* PAInfoValidationViewController.m in Sources */,
				64BE1FDF21D782F000A38B4B /* NSString+Extension.m in Sources */,
				64BE1FBD21D60F8C00A38B4B /* UITextField+placeholder.m in Sources */,
				64D978A621E3471B00F4B3F3 /* IFlyFaceResultKeys.m in Sources */,
				64E3102721E5CB5A007E3240 /* PAVideoRecordController.m in Sources */,
				641EC24121D4A9D600EB3832 /* main.m in Sources */,
				64D978A521E3471B00F4B3F3 /* CaptureManager.m in Sources */,
				64E3103821E6F722007E3240 /* NSDate+Compare.m in Sources */,
				64A163B021E86CA00067C7C6 /* PAValidationCompletedController.m in Sources */,
				64E3102D21E5CB71007E3240 /* PAVideoView.m in Sources */,
				641EC27321D5C84F00EB3832 /* PAHomeViewController.m in Sources */,
				64D978A421E3471B00F4B3F3 /* CanvasView.m in Sources */,
				641EC26D21D5B6C900EB3832 /* PATabBarController.m in Sources */,
				64D978D321E499EB00F4B3F3 /* PAPrepareVideoViewController.m in Sources */,
				64BE1FAD21D5F5B600A38B4B /* WSLoginTextField.m in Sources */,
				64D978A721E3471B00F4B3F3 /* IFlyFaceImage.m in Sources */,
				64BE1FBF21D60F8C00A38B4B /* UIBarButtonItem+Item.m in Sources */,
				64D978A921E3471B00F4B3F3 /* CalculatorTools.m in Sources */,
				64BE1FBE21D60F8C00A38B4B /* UIColor+Extension.m in Sources */,
				64D978AB21E3471B00F4B3F3 /* PermissionDetector.m in Sources */,
				64BE1FC021D60F8C00A38B4B /* UIImage+Color.m in Sources */,
				64BE1FD721D7694700A38B4B /* PANextStepView.m in Sources */,
				64D978CC21E4777900F4B3F3 /* UIButton+Button.m in Sources */,
				64E3103521E5CBE1007E3240 /* UIUtility.m in Sources */,
				64BE1FCF21D74F2B00A38B4B /* PAConst.m in Sources */,
				641EC21D21D4A0C100EB3832 /* AppDelegate.m in Sources */,
				64E3102C21E5CB71007E3240 /* PAProgressView.m in Sources */,
				641EC25021D4C19700EB3832 /* PALoginViewController.m in Sources */,
				64E3103C21E72190007E3240 /* PAVideoCommitViewController.m in Sources */,
			);
			runOnlyForDeploymentPostprocessing = 0;
		};
/* End PBXSourcesBuildPhase section */

/* Begin PBXVariantGroup section */
		641EC22121D4A0C100EB3832 /* Main.storyboard */ = {
			isa = PBXVariantGroup;
			children = (
				641EC22221D4A0C100EB3832 /* Base */,
				641EC25E21D4D9C600EB3832 /* zh-Hans */,
				64BE1FA321D5EDC800A38B4B /* en */,
			);
			name = Main.storyboard;
			sourceTree = "<group>";
		};
		641EC22621D4A0C200EB3832 /* LaunchScreen.storyboard */ = {
			isa = PBXVariantGroup;
			children = (
				641EC22721D4A0C200EB3832 /* Base */,
			);
			name = LaunchScreen.storyboard;
			sourceTree = "<group>";
		};
		641EC26321D4D9F100EB3832 /* Localizable.strings */ = {
			isa = PBXVariantGroup;
			children = (
				641EC26221D4D9F100EB3832 /* en */,
				641EC26421D4D9F200EB3832 /* zh-Hans */,
			);
			name = Localizable.strings;
			sourceTree = "<group>";
		};
/* End PBXVariantGroup section */

/* Begin XCBuildConfiguration section */
		641EC22C21D4A0C200EB3832 /* Debug */ = {
			isa = XCBuildConfiguration;
			buildSettings = {
				ALWAYS_SEARCH_USER_PATHS = NO;
				CLANG_ANALYZER_LOCALIZABILITY_NONLOCALIZED = YES;
				CLANG_ANALYZER_NONNULL = YES;
				CLANG_ANALYZER_NUMBER_OBJECT_CONVERSION = YES_AGGRESSIVE;
				CLANG_CXX_LANGUAGE_STANDARD = "gnu++14";
				CLANG_CXX_LIBRARY = "libc++";
				CLANG_ENABLE_MODULES = YES;
				CLANG_ENABLE_OBJC_ARC = YES;
				CLANG_ENABLE_OBJC_WEAK = YES;
				CLANG_WARN_BLOCK_CAPTURE_AUTORELEASING = YES;
				CLANG_WARN_BOOL_CONVERSION = YES;
				CLANG_WARN_COMMA = YES;
				CLANG_WARN_CONSTANT_CONVERSION = YES;
				CLANG_WARN_DEPRECATED_OBJC_IMPLEMENTATIONS = YES;
				CLANG_WARN_DIRECT_OBJC_ISA_USAGE = YES_ERROR;
				CLANG_WARN_DOCUMENTATION_COMMENTS = YES;
				CLANG_WARN_EMPTY_BODY = YES;
				CLANG_WARN_ENUM_CONVERSION = YES;
				CLANG_WARN_INFINITE_RECURSION = YES;
				CLANG_WARN_INT_CONVERSION = YES;
				CLANG_WARN_NON_LITERAL_NULL_CONVERSION = YES;
				CLANG_WARN_OBJC_IMPLICIT_RETAIN_SELF = YES;
				CLANG_WARN_OBJC_LITERAL_CONVERSION = YES;
				CLANG_WARN_OBJC_ROOT_CLASS = YES_ERROR;
				CLANG_WARN_RANGE_LOOP_ANALYSIS = YES;
				CLANG_WARN_STRICT_PROTOTYPES = YES;
				CLANG_WARN_SUSPICIOUS_MOVE = YES;
				CLANG_WARN_UNGUARDED_AVAILABILITY = YES_AGGRESSIVE;
				CLANG_WARN_UNREACHABLE_CODE = YES;
				CLANG_WARN__DUPLICATE_METHOD_MATCH = YES;
				CODE_SIGN_IDENTITY = "iPhone Developer";
				COPY_PHASE_STRIP = NO;
				DEBUG_INFORMATION_FORMAT = dwarf;
				ENABLE_STRICT_OBJC_MSGSEND = YES;
				ENABLE_TESTABILITY = YES;
				GCC_C_LANGUAGE_STANDARD = gnu11;
				GCC_DYNAMIC_NO_PIC = NO;
				GCC_NO_COMMON_BLOCKS = YES;
				GCC_OPTIMIZATION_LEVEL = 0;
				GCC_PREPROCESSOR_DEFINITIONS = (
					"DEBUG=1",
					"$(inherited)",
				);
				GCC_WARN_64_TO_32_BIT_CONVERSION = YES;
				GCC_WARN_ABOUT_RETURN_TYPE = YES_ERROR;
				GCC_WARN_UNDECLARED_SELECTOR = YES;
				GCC_WARN_UNINITIALIZED_AUTOS = YES_AGGRESSIVE;
				GCC_WARN_UNUSED_FUNCTION = YES;
				GCC_WARN_UNUSED_VARIABLE = YES;
				IPHONEOS_DEPLOYMENT_TARGET = 12.0;
				MTL_ENABLE_DEBUG_INFO = INCLUDE_SOURCE;
				MTL_FAST_MATH = YES;
				ONLY_ACTIVE_ARCH = YES;
				SDKROOT = iphoneos;
			};
			name = Debug;
		};
		641EC22D21D4A0C200EB3832 /* Release */ = {
			isa = XCBuildConfiguration;
			buildSettings = {
				ALWAYS_SEARCH_USER_PATHS = NO;
				CLANG_ANALYZER_LOCALIZABILITY_NONLOCALIZED = YES;
				CLANG_ANALYZER_NONNULL = YES;
				CLANG_ANALYZER_NUMBER_OBJECT_CONVERSION = YES_AGGRESSIVE;
				CLANG_CXX_LANGUAGE_STANDARD = "gnu++14";
				CLANG_CXX_LIBRARY = "libc++";
				CLANG_ENABLE_MODULES = YES;
				CLANG_ENABLE_OBJC_ARC = YES;
				CLANG_ENABLE_OBJC_WEAK = YES;
				CLANG_WARN_BLOCK_CAPTURE_AUTORELEASING = YES;
				CLANG_WARN_BOOL_CONVERSION = YES;
				CLANG_WARN_COMMA = YES;
				CLANG_WARN_CONSTANT_CONVERSION = YES;
				CLANG_WARN_DEPRECATED_OBJC_IMPLEMENTATIONS = YES;
				CLANG_WARN_DIRECT_OBJC_ISA_USAGE = YES_ERROR;
				CLANG_WARN_DOCUMENTATION_COMMENTS = YES;
				CLANG_WARN_EMPTY_BODY = YES;
				CLANG_WARN_ENUM_CONVERSION = YES;
				CLANG_WARN_INFINITE_RECURSION = YES;
				CLANG_WARN_INT_CONVERSION = YES;
				CLANG_WARN_NON_LITERAL_NULL_CONVERSION = YES;
				CLANG_WARN_OBJC_IMPLICIT_RETAIN_SELF = YES;
				CLANG_WARN_OBJC_LITERAL_CONVERSION = YES;
				CLANG_WARN_OBJC_ROOT_CLASS = YES_ERROR;
				CLANG_WARN_RANGE_LOOP_ANALYSIS = YES;
				CLANG_WARN_STRICT_PROTOTYPES = YES;
				CLANG_WARN_SUSPICIOUS_MOVE = YES;
				CLANG_WARN_UNGUARDED_AVAILABILITY = YES_AGGRESSIVE;
				CLANG_WARN_UNREACHABLE_CODE = YES;
				CLANG_WARN__DUPLICATE_METHOD_MATCH = YES;
				CODE_SIGN_IDENTITY = "iPhone Developer";
				COPY_PHASE_STRIP = NO;
				DEBUG_INFORMATION_FORMAT = "dwarf-with-dsym";
				ENABLE_NS_ASSERTIONS = NO;
				ENABLE_STRICT_OBJC_MSGSEND = YES;
				GCC_C_LANGUAGE_STANDARD = gnu11;
				GCC_NO_COMMON_BLOCKS = YES;
				GCC_WARN_64_TO_32_BIT_CONVERSION = YES;
				GCC_WARN_ABOUT_RETURN_TYPE = YES_ERROR;
				GCC_WARN_UNDECLARED_SELECTOR = YES;
				GCC_WARN_UNINITIALIZED_AUTOS = YES_AGGRESSIVE;
				GCC_WARN_UNUSED_FUNCTION = YES;
				GCC_WARN_UNUSED_VARIABLE = YES;
				IPHONEOS_DEPLOYMENT_TARGET = 12.0;
				MTL_ENABLE_DEBUG_INFO = NO;
				MTL_FAST_MATH = YES;
				SDKROOT = iphoneos;
				VALIDATE_PRODUCT = YES;
			};
			name = Release;
		};
		641EC22F21D4A0C200EB3832 /* Debug */ = {
			isa = XCBuildConfiguration;
			baseConfigurationReference = 82ED49697C46D76786AB6790 /* Pods-PAFinance.debug.xcconfig */;
			buildSettings = {
				ASSETCATALOG_COMPILER_APPICON_NAME = AppIcon;
				CODE_SIGN_STYLE = Automatic;
				DEVELOPMENT_TEAM = 9L3FDUEJBD;
				ENABLE_BITCODE = NO;
				FRAMEWORK_SEARCH_PATHS = (
					"$(inherited)",
					"$(PROJECT_DIR)",
				);
				GCC_PREFIX_HEADER = PAFinance/Class/System/PAFinance.pch;
				INFOPLIST_FILE = PAFinance/Class/System/Info.plist;
				LD_RUNPATH_SEARCH_PATHS = (
					"$(inherited)",
					"@executable_path/Frameworks",
				);
				LIBRARY_SEARCH_PATHS = (
					"$(inherited)",
					"$(PROJECT_DIR)/PAFinance/Class/Signet/SignetSDK/Lib",
					"$(PROJECT_DIR)",
				);
				PRODUCT_BUNDLE_IDENTIFIER = com.pingan.PAFinance;
				PRODUCT_NAME = "$(TARGET_NAME)";
				TARGETED_DEVICE_FAMILY = "1,2";
			};
			name = Debug;
		};
		641EC23021D4A0C200EB3832 /* Release */ = {
			isa = XCBuildConfiguration;
			baseConfigurationReference = 032092A14F71B80B6ADD6105 /* Pods-PAFinance.release.xcconfig */;
			buildSettings = {
				ASSETCATALOG_COMPILER_APPICON_NAME = AppIcon;
				CODE_SIGN_STYLE = Automatic;
				DEVELOPMENT_TEAM = 9L3FDUEJBD;
				ENABLE_BITCODE = NO;
				FRAMEWORK_SEARCH_PATHS = (
					"$(inherited)",
					"$(PROJECT_DIR)",
				);
				GCC_PREFIX_HEADER = PAFinance/Class/System/PAFinance.pch;
				INFOPLIST_FILE = PAFinance/Class/System/Info.plist;
				LD_RUNPATH_SEARCH_PATHS = (
					"$(inherited)",
					"@executable_path/Frameworks",
				);
				LIBRARY_SEARCH_PATHS = (
					"$(inherited)",
					"$(PROJECT_DIR)/PAFinance/Class/Signet/SignetSDK/Lib",
					"$(PROJECT_DIR)",
				);
				PRODUCT_BUNDLE_IDENTIFIER = com.pingan.PAFinance;
				PRODUCT_NAME = "$(TARGET_NAME)";
				TARGETED_DEVICE_FAMILY = "1,2";
			};
			name = Release;
		};
/* End XCBuildConfiguration section */

/* Begin XCConfigurationList section */
		641EC21321D4A0C100EB3832 /* Build configuration list for PBXProject "PAFinance" */ = {
			isa = XCConfigurationList;
			buildConfigurations = (
				641EC22C21D4A0C200EB3832 /* Debug */,
				641EC22D21D4A0C200EB3832 /* Release */,
			);
			defaultConfigurationIsVisible = 0;
			defaultConfigurationName = Release;
		};
		641EC22E21D4A0C200EB3832 /* Build configuration list for PBXNativeTarget "PAFinance" */ = {
			isa = XCConfigurationList;
			buildConfigurations = (
				641EC22F21D4A0C200EB3832 /* Debug */,
				641EC23021D4A0C200EB3832 /* Release */,
			);
			defaultConfigurationIsVisible = 0;
			defaultConfigurationName = Release;
		};
/* End XCConfigurationList section */
	};
	rootObject = 641EC21021D4A0C100EB3832 /* Project object */;
}
